// !$*UTF8*$!
{
	archiveVersion = 1;
	classes = {
	};
	objectVersion = 46;
	objects = {

/* Begin PBXBuildFile section */
		AA3D75C31AD7BE0D000ADF4B /* main.cpp in Sources */ = {isa = PBXBuildFile; fileRef = AA3D75C21AD7BE0D000ADF4B /* main.cpp */; };
/* End PBXBuildFile section */

/* Begin PBXCopyFilesBuildPhase section */
		AA3D75BD1AD7BE0D000ADF4B /* CopyFiles */ = {
			isa = PBXCopyFilesBuildPhase;
			buildActionMask = 2147483647;
			dstPath = /usr/share/man/man1/;
			dstSubfolderSpec = 0;
			files = (
			);
			runOnlyForDeploymentPostprocessing = 1;
		};
/* End PBXCopyFilesBuildPhase section */

/* Begin PBXFileReference section */
		AA3D75BF1AD7BE0D000ADF4B /* Labor_1_Aufgabe_3b */ = {isa = PBXFileReference; explicitFileType = "compiled.mach-o.executable"; includeInIndex = 0; path = Labor_1_Aufgabe_3b; sourceTree = BUILT_PRODUCTS_DIR; };
		AA3D75C21AD7BE0D000ADF4B /* main.cpp */ = {isa = PBXFileReference; lastKnownFileType = sourcecode.cpp.cpp; path = main.cpp; sourceTree = "<group>"; };
/* End PBXFileReference section */

/* Begin PBXFrameworksBuildPhase section */
		AA3D75BC1AD7BE0D000ADF4B /* Frameworks */ = {
			isa = PBXFrameworksBuildPhase;
			buildActionMask = 2147483647;
			files = (
			);
			runOnlyForDeploymentPostprocessing = 0;
		};
/* End PBXFrameworksBuildPhase section */

/* Begin PBXGroup section */
		AA3D75B61AD7BE0D000ADF4B = {
			isa = PBXGroup;
			children = (
				AA3D75C11AD7BE0D000ADF4B /* Labor_1_Aufgabe_3b */,
				AA3D75C01AD7BE0D000ADF4B /* Products */,
			);
			sourceTree = "<group>";
		};
		AA3D75C01AD7BE0D000ADF4B /* Products */ = {
			isa = PBXGroup;
			children = (
				AA3D75BF1AD7BE0D000ADF4B /* Labor_1_Aufgabe_3b */,
			);
			name = Products;
			sourceTree = "<group>";
		};
		AA3D75C11AD7BE0D000ADF4B /* Labor_1_Aufgabe_3b */ = {
			isa = PBXGroup;
			children = (
				AA3D75C21AD7BE0D000ADF4B /* main.cpp */,
			);
			path = Labor_1_Aufgabe_3b;
			sourceTree = "<group>";
		};
/* End PBXGroup section */

/* Begin PBXNativeTarget section */
		AA3D75BE1AD7BE0D000ADF4B /* Labor_1_Aufgabe_3b */ = {
			isa = PBXNativeTarget;
			buildConfigurationList = AA3D75C61AD7BE0D000ADF4B /* Build configuration list for PBXNativeTarget "Labor_1_Aufgabe_3b" */;
			buildPhases = (
				AA3D75BB1AD7BE0D000ADF4B /* Sources */,
				AA3D75BC1AD7BE0D000ADF4B /* Frameworks */,
				AA3D75BD1AD7BE0D000ADF4B /* CopyFiles */,
			);
			buildRules = (
			);
			dependencies = (
			);
			name = Labor_1_Aufgabe_3b;
			productName = Labor_1_Aufgabe_3b;
			productReference = AA3D75BF1AD7BE0D000ADF4B /* Labor_1_Aufgabe_3b */;
			productType = "com.apple.product-type.tool";
		};
/* End PBXNativeTarget section */

/* Begin PBXProject section */
		AA3D75B71AD7BE0D000ADF4B /* Project object */ = {
			isa = PBXProject;
			attributes = {
				LastUpgradeCheck = 0630;
				ORGANIZATIONNAME = "Erik Falk";
				TargetAttributes = {
					AA3D75BE1AD7BE0D000ADF4B = {
						CreatedOnToolsVersion = 6.3;
					};
				};
			};
			buildConfigurationList = AA3D75BA1AD7BE0D000ADF4B /* Build configuration list for PBXProject "Labor_1_Aufgabe_3b" */;
			compatibilityVersion = "Xcode 3.2";
			developmentRegion = English;
			hasScannedForEncodings = 0;
			knownRegions = (
				en,
			);
			mainGroup = AA3D75B61AD7BE0D000ADF4B;
			productRefGroup = AA3D75C01AD7BE0D000ADF4B /* Products */;
			projectDirPath = "";
			projectRoot = "";
			targets = (
				AA3D75BE1AD7BE0D000ADF4B /* Labor_1_Aufgabe_3b */,
			);
		};
/* End PBXProject section */

/* Begin PBXSourcesBuildPhase section */
		AA3D75BB1AD7BE0D000ADF4B /* Sources */ = {
			isa = PBXSourcesBuildPhase;
			buildActionMask = 2147483647;
			files = (
				AA3D75C31AD7BE0D000ADF4B /* main.cpp in Sources */,
			);
			runOnlyForDeploymentPostprocessing = 0;
		};
/* End PBXSourcesBuildPhase section */

/* Begin XCBuildConfiguration section */
		AA3D75C41AD7BE0D000ADF4B /* Debug */ = {
			isa = XCBuildConfiguration;
			buildSettings = {
				ALWAYS_SEARCH_USER_PATHS = NO;
				CLANG_CXX_LANGUAGE_STANDARD = "gnu++0x";
				CLANG_CXX_LIBRARY = "libc++";
				CLANG_ENABLE_MODULES = YES;
				CLANG_ENABLE_OBJC_ARC = YES;
				CLANG_WARN_BOOL_CONVERSION = YES;
				CLANG_WARN_CONSTANT_CONVERSION = YES;
				CLANG_WARN_DIRECT_OBJC_ISA_USAGE = YES_ERROR;
				CLANG_WARN_EMPTY_BODY = YES;
				CLANG_WARN_ENUM_CONVERSION = YES;
				CLANG_WARN_INT_CONVERSION = YES;
				CLANG_WARN_OBJC_ROOT_CLASS = YES_ERROR;
				CLANG_WARN_UNREACHABLE_CODE = YES;
				CLANG_WARN__DUPLICATE_METHOD_MATCH = YES;
				COPY_PHASE_STRIP = NO;
				DEBUG_INFORMATION_FORMAT = dwarf;
				ENABLE_STRICT_OBJC_MSGSEND = YES;
				GCC_C_LANGUAGE_STANDARD = gnu99;
				GCC_DYNAMIC_NO_PIC = NO;
				GCC_NO_COMMON_BLOCKS = YES;
				GCC_OPTIMIZATION_LEVEL = 0;
				GCC_PREPROCESSOR_DEFINITIONS = (
					"DEBUG=1",
					"$(inherited)",
				);
				GCC_SYMBOLS_PRIVATE_EXTERN = NO;
				GCC_WARN_64_TO_32_BIT_CONVERSION = YES;
				GCC_WARN_ABOUT_RETURN_TYPE = YES_ERROR;
				GCC_WARN_UNDECLARED_SELECTOR = YES;
				GCC_WARN_UNINITIALIZED_AUTOS = YES_AGGRESSIVE;
				GCC_WARN_UNUSED_FUNCTION = YES;
				GCC_WARN_UNUSED_VARIABLE = YES;
				MACOSX_DEPLOYMENT_TARGET = 10.10;
				MTL_ENABLE_DEBUG_INFO = YES;
				ONLY_ACTIVE_ARCH = YES;
				SDKROOT = macosx;
			};
			name = Debug;
		};
		AA3D75C51AD7BE0D000ADF4B /* Release */ = {
			isa = XCBuildConfiguration;
			buildSettings = {
				ALWAYS_SEARCH_USER_PATHS = NO;
				CLANG_CXX_LANGUAGE_STANDARD = "gnu++0x";
				CLANG_CXX_LIBRARY = "libc++";
				CLANG_ENABLE_MODULES = YES;
				CLANG_ENABLE_OBJC_ARC = YES;
				CLANG_WARN_BOOL_CONVERSION = YES;
				CLANG_WARN_CONSTANT_CONVERSION = YES;
				CLANG_WARN_DIRECT_OBJC_ISA_USAGE = YES_ERROR;
				CLANG_WARN_EMPTY_BODY = YES;
				CLANG_WARN_ENUM_CONVERSION = YES;
				CLANG_WARN_INT_CONVERSION = YES;
				CLANG_WARN_OBJC_ROOT_CLASS = YES_ERROR;
				CLANG_WARN_UNREACHABLE_CODE = YES;
				CLANG_WARN__DUPLICATE_METHOD_MATCH = YES;
				COPY_PHASE_STRIP = NO;
				DEBUG_INFORMATION_FORMAT = "dwarf-with-dsym";
				ENABLE_NS_ASSERTIONS = NO;
				ENABLE_STRICT_OBJC_MSGSEND = YES;
				GCC_C_LANGUAGE_STANDARD = gnu99;
				GCC_NO_COMMON_BLOCKS = YES;
				GCC_WARN_64_TO_32_BIT_CONVERSION = YES;
				GCC_WARN_ABOUT_RETURN_TYPE = YES_ERROR;
				GCC_WARN_UNDECLARED_SELECTOR = YES;
				GCC_WARN_UNINITIALIZED_AUTOS = YES_AGGRESSIVE;
				GCC_WARN_UNUSED_FUNCTION = YES;
				GCC_WARN_UNUSED_VARIABLE = YES;
				MACOSX_DEPLOYMENT_TARGET = 10.10;
				MTL_ENABLE_DEBUG_INFO = NO;
				SDKROOT = macosx;
			};
			name = Release;
		};
		AA3D75C71AD7BE0D000ADF4B /* Debug */ = {
			isa = XCBuildConfiguration;
			buildSettings = {
				PRODUCT_NAME = "$(TARGET_NAME)";
			};
			name = Debug;
		};
		AA3D75C81AD7BE0D000ADF4B /* Release */ = {
			isa = XCBuildConfiguration;
			buildSettings = {
				PRODUCT_NAME = "$(TARGET_NAME)";
			};
			name = Release;
		};
/* End XCBuildConfiguration section */

/* Begin XCConfigurationList section */
		AA3D75BA1AD7BE0D000ADF4B /* Build configuration list for PBXProject "Labor_1_Aufgabe_3b" */ = {
			isa = XCConfigurationList;
			buildConfigurations = (
				AA3D75C41AD7BE0D000ADF4B /* Debug */,
				AA3D75C51AD7BE0D000ADF4B /* Release */,
			);
			defaultConfigurationIsVisible = 0;
			defaultConfigurationName = Release;
		};
		AA3D75C61AD7BE0D000ADF4B /* Build configuration list for PBXNativeTarget "Labor_1_Aufgabe_3b" */ = {
			isa = XCConfigurationList;
			buildConfigurations = (
				AA3D75C71AD7BE0D000ADF4B /* Debug */,
				AA3D75C81AD7BE0D000ADF4B /* Release */,
			);
			defaultConfigurationIsVisible = 0;
		};
/* End XCConfigurationList section */
	};
	rootObject = AA3D75B71AD7BE0D000ADF4B /* Project object */;
}
