// !$*UTF8*$!
{
	archiveVersion = 1;
	classes = {
	};
	objectVersion = 46;
	objects = {

/* Begin PBXBuildFile section */
		AA2ECF3A1B19BF2E008A1933 /* main.cpp in Sources */ = {isa = PBXBuildFile; fileRef = AA2ECF391B19BF2E008A1933 /* main.cpp */; };
		AA2ECF421B19BF8B008A1933 /* IntMenge.cpp in Sources */ = {isa = PBXBuildFile; fileRef = AA2ECF401B19BF8B008A1933 /* IntMenge.cpp */; };
/* End PBXBuildFile section */

/* Begin PBXCopyFilesBuildPhase section */
		AA2ECF341B19BF2E008A1933 /* CopyFiles */ = {
			isa = PBXCopyFilesBuildPhase;
			buildActionMask = 2147483647;
			dstPath = /usr/share/man/man1/;
			dstSubfolderSpec = 0;
			files = (
			);
			runOnlyForDeploymentPostprocessing = 1;
		};
/* End PBXCopyFilesBuildPhase section */

/* Begin PBXFileReference section */
		AA2ECF361B19BF2E008A1933 /* Labor3_3 */ = {isa = PBXFileReference; explicitFileType = "compiled.mach-o.executable"; includeInIndex = 0; path = Labor3_3; sourceTree = BUILT_PRODUCTS_DIR; };
		AA2ECF391B19BF2E008A1933 /* main.cpp */ = {isa = PBXFileReference; lastKnownFileType = sourcecode.cpp.cpp; path = main.cpp; sourceTree = "<group>"; };
		AA2ECF401B19BF8B008A1933 /* IntMenge.cpp */ = {isa = PBXFileReference; fileEncoding = 4; lastKnownFileType = sourcecode.cpp.cpp; path = IntMenge.cpp; sourceTree = "<group>"; };
		AA2ECF411B19BF8B008A1933 /* IntMenge.h */ = {isa = PBXFileReference; fileEncoding = 4; lastKnownFileType = sourcecode.c.h; path = IntMenge.h; sourceTree = "<group>"; };
/* End PBXFileReference section */

/* Begin PBXFrameworksBuildPhase section */
		AA2ECF331B19BF2E008A1933 /* Frameworks */ = {
			isa = PBXFrameworksBuildPhase;
			buildActionMask = 2147483647;
			files = (
			);
			runOnlyForDeploymentPostprocessing = 0;
		};
/* End PBXFrameworksBuildPhase section */

/* Begin PBXGroup section */
		AA2ECF2D1B19BF2E008A1933 = {
			isa = PBXGroup;
			children = (
				AA2ECF381B19BF2E008A1933 /* Labor3_3 */,
				AA2ECF371B19BF2E008A1933 /* Products */,
			);
			sourceTree = "<group>";
		};
		AA2ECF371B19BF2E008A1933 /* Products */ = {
			isa = PBXGroup;
			children = (
				AA2ECF361B19BF2E008A1933 /* Labor3_3 */,
			);
			name = Products;
			sourceTree = "<group>";
		};
		AA2ECF381B19BF2E008A1933 /* Labor3_3 */ = {
			isa = PBXGroup;
			children = (
				AA2ECF391B19BF2E008A1933 /* main.cpp */,
				AA2ECF401B19BF8B008A1933 /* IntMenge.cpp */,
				AA2ECF411B19BF8B008A1933 /* IntMenge.h */,
			);
			path = Labor3_3;
			sourceTree = "<group>";
		};
/* End PBXGroup section */

/* Begin PBXNativeTarget section */
		AA2ECF351B19BF2E008A1933 /* Labor3_3 */ = {
			isa = PBXNativeTarget;
			buildConfigurationList = AA2ECF3D1B19BF2E008A1933 /* Build configuration list for PBXNativeTarget "Labor3_3" */;
			buildPhases = (
				AA2ECF321B19BF2E008A1933 /* Sources */,
				AA2ECF331B19BF2E008A1933 /* Frameworks */,
				AA2ECF341B19BF2E008A1933 /* CopyFiles */,
			);
			buildRules = (
			);
			dependencies = (
			);
			name = Labor3_3;
			productName = Labor3_3;
			productReference = AA2ECF361B19BF2E008A1933 /* Labor3_3 */;
			productType = "com.apple.product-type.tool";
		};
/* End PBXNativeTarget section */

/* Begin PBXProject section */
		AA2ECF2E1B19BF2E008A1933 /* Project object */ = {
			isa = PBXProject;
			attributes = {
				LastUpgradeCheck = 0630;
				ORGANIZATIONNAME = "Erik Falk";
				TargetAttributes = {
					AA2ECF351B19BF2E008A1933 = {
						CreatedOnToolsVersion = 6.3.2;
					};
				};
			};
			buildConfigurationList = AA2ECF311B19BF2E008A1933 /* Build configuration list for PBXProject "Labor3_3" */;
			compatibilityVersion = "Xcode 3.2";
			developmentRegion = English;
			hasScannedForEncodings = 0;
			knownRegions = (
				en,
			);
			mainGroup = AA2ECF2D1B19BF2E008A1933;
			productRefGroup = AA2ECF371B19BF2E008A1933 /* Products */;
			projectDirPath = "";
			projectRoot = "";
			targets = (
				AA2ECF351B19BF2E008A1933 /* Labor3_3 */,
			);
		};
/* End PBXProject section */

/* Begin PBXSourcesBuildPhase section */
		AA2ECF321B19BF2E008A1933 /* Sources */ = {
			isa = PBXSourcesBuildPhase;
			buildActionMask = 2147483647;
			files = (
				AA2ECF421B19BF8B008A1933 /* IntMenge.cpp in Sources */,
				AA2ECF3A1B19BF2E008A1933 /* main.cpp in Sources */,
			);
			runOnlyForDeploymentPostprocessing = 0;
		};
/* End PBXSourcesBuildPhase section */

/* Begin XCBuildConfiguration section */
		AA2ECF3B1B19BF2E008A1933 /* Debug */ = {
			isa = XCBuildConfiguration;
			buildSettings = {
				ALWAYS_SEARCH_USER_PATHS = NO;
				CLANG_CXX_LANGUAGE_STANDARD = "gnu++0x";
				CLANG_CXX_LIBRARY = "libc++";
				CLANG_ENABLE_MODULES = YES;
				CLANG_ENABLE_OBJC_ARC = YES;
				CLANG_WARN_BOOL_CONVERSION = YES;
				CLANG_WARN_CONSTANT_CONVERSION = YES;
				CLANG_WARN_DIRECT_OBJC_ISA_USAGE = YES_ERROR;
				CLANG_WARN_EMPTY_BODY = YES;
				CLANG_WARN_ENUM_CONVERSION = YES;
				CLANG_WARN_INT_CONVERSION = YES;
				CLANG_WARN_OBJC_ROOT_CLASS = YES_ERROR;
				CLANG_WARN_UNREACHABLE_CODE = YES;
				CLANG_WARN__DUPLICATE_METHOD_MATCH = YES;
				COPY_PHASE_STRIP = NO;
				DEBUG_INFORMATION_FORMAT = dwarf;
				ENABLE_STRICT_OBJC_MSGSEND = YES;
				GCC_C_LANGUAGE_STANDARD = gnu99;
				GCC_DYNAMIC_NO_PIC = NO;
				GCC_NO_COMMON_BLOCKS = YES;
				GCC_OPTIMIZATION_LEVEL = 0;
				GCC_PREPROCESSOR_DEFINITIONS = (
					"DEBUG=1",
					"$(inherited)",
				);
				GCC_SYMBOLS_PRIVATE_EXTERN = NO;
				GCC_WARN_64_TO_32_BIT_CONVERSION = YES;
				GCC_WARN_ABOUT_RETURN_TYPE = YES_ERROR;
				GCC_WARN_UNDECLARED_SELECTOR = YES;
				GCC_WARN_UNINITIALIZED_AUTOS = YES_AGGRESSIVE;
				GCC_WARN_UNUSED_FUNCTION = YES;
				GCC_WARN_UNUSED_VARIABLE = YES;
				MACOSX_DEPLOYMENT_TARGET = 10.10;
				MTL_ENABLE_DEBUG_INFO = YES;
				ONLY_ACTIVE_ARCH = YES;
				SDKROOT = macosx;
			};
			name = Debug;
		};
		AA2ECF3C1B19BF2E008A1933 /* Release */ = {
			isa = XCBuildConfiguration;
			buildSettings = {
				ALWAYS_SEARCH_USER_PATHS = NO;
				CLANG_CXX_LANGUAGE_STANDARD = "gnu++0x";
				CLANG_CXX_LIBRARY = "libc++";
				CLANG_ENABLE_MODULES = YES;
				CLANG_ENABLE_OBJC_ARC = YES;
				CLANG_WARN_BOOL_CONVERSION = YES;
				CLANG_WARN_CONSTANT_CONVERSION = YES;
				CLANG_WARN_DIRECT_OBJC_ISA_USAGE = YES_ERROR;
				CLANG_WARN_EMPTY_BODY = YES;
				CLANG_WARN_ENUM_CONVERSION = YES;
				CLANG_WARN_INT_CONVERSION = YES;
				CLANG_WARN_OBJC_ROOT_CLASS = YES_ERROR;
				CLANG_WARN_UNREACHABLE_CODE = YES;
				CLANG_WARN__DUPLICATE_METHOD_MATCH = YES;
				COPY_PHASE_STRIP = NO;
				DEBUG_INFORMATION_FORMAT = "dwarf-with-dsym";
				ENABLE_NS_ASSERTIONS = NO;
				ENABLE_STRICT_OBJC_MSGSEND = YES;
				GCC_C_LANGUAGE_STANDARD = gnu99;
				GCC_NO_COMMON_BLOCKS = YES;
				GCC_WARN_64_TO_32_BIT_CONVERSION = YES;
				GCC_WARN_ABOUT_RETURN_TYPE = YES_ERROR;
				GCC_WARN_UNDECLARED_SELECTOR = YES;
				GCC_WARN_UNINITIALIZED_AUTOS = YES_AGGRESSIVE;
				GCC_WARN_UNUSED_FUNCTION = YES;
				GCC_WARN_UNUSED_VARIABLE = YES;
				MACOSX_DEPLOYMENT_TARGET = 10.10;
				MTL_ENABLE_DEBUG_INFO = NO;
				SDKROOT = macosx;
			};
			name = Release;
		};
		AA2ECF3E1B19BF2E008A1933 /* Debug */ = {
			isa = XCBuildConfiguration;
			buildSettings = {
				PRODUCT_NAME = "$(TARGET_NAME)";
			};
			name = Debug;
		};
		AA2ECF3F1B19BF2E008A1933 /* Release */ = {
			isa = XCBuildConfiguration;
			buildSettings = {
				PRODUCT_NAME = "$(TARGET_NAME)";
			};
			name = Release;
		};
/* End XCBuildConfiguration section */

/* Begin XCConfigurationList section */
		AA2ECF311B19BF2E008A1933 /* Build configuration list for PBXProject "Labor3_3" */ = {
			isa = XCConfigurationList;
			buildConfigurations = (
				AA2ECF3B1B19BF2E008A1933 /* Debug */,
				AA2ECF3C1B19BF2E008A1933 /* Release */,
			);
			defaultConfigurationIsVisible = 0;
			defaultConfigurationName = Release;
		};
		AA2ECF3D1B19BF2E008A1933 /* Build configuration list for PBXNativeTarget "Labor3_3" */ = {
			isa = XCConfigurationList;
			buildConfigurations = (
				AA2ECF3E1B19BF2E008A1933 /* Debug */,
				AA2ECF3F1B19BF2E008A1933 /* Release */,
			);
			defaultConfigurationIsVisible = 0;
		};
/* End XCConfigurationList section */
	};
	rootObject = AA2ECF2E1B19BF2E008A1933 /* Project object */;
}
