// !$*UTF8*$!
{
	archiveVersion = 1;
	classes = {
	};
	objectVersion = 46;
	objects = {

/* Begin PBXBuildFile section */
		AAC037B11B20AE2500197781 /* main.cpp in Sources */ = {isa = PBXBuildFile; fileRef = AAC037AE1B20AE2500197781 /* main.cpp */; };
		AAC037B21B20AE2500197781 /* Kunde.cpp in Sources */ = {isa = PBXBuildFile; fileRef = AAC037B01B20AE2500197781 /* Kunde.cpp */; };
/* End PBXBuildFile section */

/* Begin PBXCopyFilesBuildPhase section */
		AAC037A21B20AE0B00197781 /* CopyFiles */ = {
			isa = PBXCopyFilesBuildPhase;
			buildActionMask = 2147483647;
			dstPath = /usr/share/man/man1/;
			dstSubfolderSpec = 0;
			files = (
			);
			runOnlyForDeploymentPostprocessing = 1;
		};
/* End PBXCopyFilesBuildPhase section */

/* Begin PBXFileReference section */
		AAC037A41B20AE0B00197781 /* Labor4_1b */ = {isa = PBXFileReference; explicitFileType = "compiled.mach-o.executable"; includeInIndex = 0; path = Labor4_1b; sourceTree = BUILT_PRODUCTS_DIR; };
		AAC037AE1B20AE2500197781 /* main.cpp */ = {isa = PBXFileReference; fileEncoding = 4; lastKnownFileType = sourcecode.cpp.cpp; name = main.cpp; path = ../../Labor4_1a/Labor4_1a/main.cpp; sourceTree = "<group>"; };
		AAC037AF1B20AE2500197781 /* Kunde.hpp */ = {isa = PBXFileReference; fileEncoding = 4; lastKnownFileType = sourcecode.cpp.h; name = Kunde.hpp; path = ../../Labor4_1a/Labor4_1a/Kunde.hpp; sourceTree = "<group>"; };
		AAC037B01B20AE2500197781 /* Kunde.cpp */ = {isa = PBXFileReference; fileEncoding = 4; lastKnownFileType = sourcecode.cpp.cpp; name = Kunde.cpp; path = ../../Labor4_1a/Labor4_1a/Kunde.cpp; sourceTree = "<group>"; };
/* End PBXFileReference section */

/* Begin PBXFrameworksBuildPhase section */
		AAC037A11B20AE0B00197781 /* Frameworks */ = {
			isa = PBXFrameworksBuildPhase;
			buildActionMask = 2147483647;
			files = (
			);
			runOnlyForDeploymentPostprocessing = 0;
		};
/* End PBXFrameworksBuildPhase section */

/* Begin PBXGroup section */
		AAC0379B1B20AE0B00197781 = {
			isa = PBXGroup;
			children = (
				AAC037A61B20AE0B00197781 /* Labor4_1b */,
				AAC037A51B20AE0B00197781 /* Products */,
			);
			sourceTree = "<group>";
		};
		AAC037A51B20AE0B00197781 /* Products */ = {
			isa = PBXGroup;
			children = (
				AAC037A41B20AE0B00197781 /* Labor4_1b */,
			);
			name = Products;
			sourceTree = "<group>";
		};
		AAC037A61B20AE0B00197781 /* Labor4_1b */ = {
			isa = PBXGroup;
			children = (
				AAC037AE1B20AE2500197781 /* main.cpp */,
				AAC037AF1B20AE2500197781 /* Kunde.hpp */,
				AAC037B01B20AE2500197781 /* Kunde.cpp */,
			);
			path = Labor4_1b;
			sourceTree = "<group>";
		};
/* End PBXGroup section */

/* Begin PBXNativeTarget section */
		AAC037A31B20AE0B00197781 /* Labor4_1b */ = {
			isa = PBXNativeTarget;
			buildConfigurationList = AAC037AB1B20AE0B00197781 /* Build configuration list for PBXNativeTarget "Labor4_1b" */;
			buildPhases = (
				AAC037A01B20AE0B00197781 /* Sources */,
				AAC037A11B20AE0B00197781 /* Frameworks */,
				AAC037A21B20AE0B00197781 /* CopyFiles */,
			);
			buildRules = (
			);
			dependencies = (
			);
			name = Labor4_1b;
			productName = Labor4_1b;
			productReference = AAC037A41B20AE0B00197781 /* Labor4_1b */;
			productType = "com.apple.product-type.tool";
		};
/* End PBXNativeTarget section */

/* Begin PBXProject section */
		AAC0379C1B20AE0B00197781 /* Project object */ = {
			isa = PBXProject;
			attributes = {
				LastUpgradeCheck = 0630;
				ORGANIZATIONNAME = "Erik Falk";
				TargetAttributes = {
					AAC037A31B20AE0B00197781 = {
						CreatedOnToolsVersion = 6.3.2;
					};
				};
			};
			buildConfigurationList = AAC0379F1B20AE0B00197781 /* Build configuration list for PBXProject "Labor4_1b" */;
			compatibilityVersion = "Xcode 3.2";
			developmentRegion = English;
			hasScannedForEncodings = 0;
			knownRegions = (
				en,
			);
			mainGroup = AAC0379B1B20AE0B00197781;
			productRefGroup = AAC037A51B20AE0B00197781 /* Products */;
			projectDirPath = "";
			projectRoot = "";
			targets = (
				AAC037A31B20AE0B00197781 /* Labor4_1b */,
			);
		};
/* End PBXProject section */

/* Begin PBXSourcesBuildPhase section */
		AAC037A01B20AE0B00197781 /* Sources */ = {
			isa = PBXSourcesBuildPhase;
			buildActionMask = 2147483647;
			files = (
				AAC037B11B20AE2500197781 /* main.cpp in Sources */,
				AAC037B21B20AE2500197781 /* Kunde.cpp in Sources */,
			);
			runOnlyForDeploymentPostprocessing = 0;
		};
/* End PBXSourcesBuildPhase section */

/* Begin XCBuildConfiguration section */
		AAC037A91B20AE0B00197781 /* Debug */ = {
			isa = XCBuildConfiguration;
			buildSettings = {
				ALWAYS_SEARCH_USER_PATHS = NO;
				CLANG_CXX_LANGUAGE_STANDARD = "gnu++0x";
				CLANG_CXX_LIBRARY = "libc++";
				CLANG_ENABLE_MODULES = YES;
				CLANG_ENABLE_OBJC_ARC = YES;
				CLANG_WARN_BOOL_CONVERSION = YES;
				CLANG_WARN_CONSTANT_CONVERSION = YES;
				CLANG_WARN_DIRECT_OBJC_ISA_USAGE = YES_ERROR;
				CLANG_WARN_EMPTY_BODY = YES;
				CLANG_WARN_ENUM_CONVERSION = YES;
				CLANG_WARN_INT_CONVERSION = YES;
				CLANG_WARN_OBJC_ROOT_CLASS = YES_ERROR;
				CLANG_WARN_UNREACHABLE_CODE = YES;
				CLANG_WARN__DUPLICATE_METHOD_MATCH = YES;
				COPY_PHASE_STRIP = NO;
				DEBUG_INFORMATION_FORMAT = dwarf;
				ENABLE_STRICT_OBJC_MSGSEND = YES;
				GCC_C_LANGUAGE_STANDARD = gnu99;
				GCC_DYNAMIC_NO_PIC = NO;
				GCC_NO_COMMON_BLOCKS = YES;
				GCC_OPTIMIZATION_LEVEL = 0;
				GCC_PREPROCESSOR_DEFINITIONS = (
					"DEBUG=1",
					"$(inherited)",
				);
				GCC_SYMBOLS_PRIVATE_EXTERN = NO;
				GCC_WARN_64_TO_32_BIT_CONVERSION = YES;
				GCC_WARN_ABOUT_RETURN_TYPE = YES_ERROR;
				GCC_WARN_UNDECLARED_SELECTOR = YES;
				GCC_WARN_UNINITIALIZED_AUTOS = YES_AGGRESSIVE;
				GCC_WARN_UNUSED_FUNCTION = YES;
				GCC_WARN_UNUSED_VARIABLE = YES;
				MACOSX_DEPLOYMENT_TARGET = 10.10;
				MTL_ENABLE_DEBUG_INFO = YES;
				ONLY_ACTIVE_ARCH = YES;
				SDKROOT = macosx;
			};
			name = Debug;
		};
		AAC037AA1B20AE0B00197781 /* Release */ = {
			isa = XCBuildConfiguration;
			buildSettings = {
				ALWAYS_SEARCH_USER_PATHS = NO;
				CLANG_CXX_LANGUAGE_STANDARD = "gnu++0x";
				CLANG_CXX_LIBRARY = "libc++";
				CLANG_ENABLE_MODULES = YES;
				CLANG_ENABLE_OBJC_ARC = YES;
				CLANG_WARN_BOOL_CONVERSION = YES;
				CLANG_WARN_CONSTANT_CONVERSION = YES;
				CLANG_WARN_DIRECT_OBJC_ISA_USAGE = YES_ERROR;
				CLANG_WARN_EMPTY_BODY = YES;
				CLANG_WARN_ENUM_CONVERSION = YES;
				CLANG_WARN_INT_CONVERSION = YES;
				CLANG_WARN_OBJC_ROOT_CLASS = YES_ERROR;
				CLANG_WARN_UNREACHABLE_CODE = YES;
				CLANG_WARN__DUPLICATE_METHOD_MATCH = YES;
				COPY_PHASE_STRIP = NO;
				DEBUG_INFORMATION_FORMAT = "dwarf-with-dsym";
				ENABLE_NS_ASSERTIONS = NO;
				ENABLE_STRICT_OBJC_MSGSEND = YES;
				GCC_C_LANGUAGE_STANDARD = gnu99;
				GCC_NO_COMMON_BLOCKS = YES;
				GCC_WARN_64_TO_32_BIT_CONVERSION = YES;
				GCC_WARN_ABOUT_RETURN_TYPE = YES_ERROR;
				GCC_WARN_UNDECLARED_SELECTOR = YES;
				GCC_WARN_UNINITIALIZED_AUTOS = YES_AGGRESSIVE;
				GCC_WARN_UNUSED_FUNCTION = YES;
				GCC_WARN_UNUSED_VARIABLE = YES;
				MACOSX_DEPLOYMENT_TARGET = 10.10;
				MTL_ENABLE_DEBUG_INFO = NO;
				SDKROOT = macosx;
			};
			name = Release;
		};
		AAC037AC1B20AE0B00197781 /* Debug */ = {
			isa = XCBuildConfiguration;
			buildSettings = {
				PRODUCT_NAME = "$(TARGET_NAME)";
			};
			name = Debug;
		};
		AAC037AD1B20AE0B00197781 /* Release */ = {
			isa = XCBuildConfiguration;
			buildSettings = {
				PRODUCT_NAME = "$(TARGET_NAME)";
			};
			name = Release;
		};
/* End XCBuildConfiguration section */

/* Begin XCConfigurationList section */
		AAC0379F1B20AE0B00197781 /* Build configuration list for PBXProject "Labor4_1b" */ = {
			isa = XCConfigurationList;
			buildConfigurations = (
				AAC037A91B20AE0B00197781 /* Debug */,
				AAC037AA1B20AE0B00197781 /* Release */,
			);
			defaultConfigurationIsVisible = 0;
			defaultConfigurationName = Release;
		};
		AAC037AB1B20AE0B00197781 /* Build configuration list for PBXNativeTarget "Labor4_1b" */ = {
			isa = XCConfigurationList;
			buildConfigurations = (
				AAC037AC1B20AE0B00197781 /* Debug */,
				AAC037AD1B20AE0B00197781 /* Release */,
			);
			defaultConfigurationIsVisible = 0;
		};
/* End XCConfigurationList section */
	};
	rootObject = AAC0379C1B20AE0B00197781 /* Project object */;
}
