// !$*UTF8*$!
{
	archiveVersion = 1;
	classes = {
	};
	objectVersion = 46;
	objects = {

/* Begin PBXBuildFile section */
		AA35CEF91AE6F40800BBC0CE /* main.cpp in Sources */ = {isa = PBXBuildFile; fileRef = AA35CEF81AE6F40800BBC0CE /* main.cpp */; };
/* End PBXBuildFile section */

/* Begin PBXCopyFilesBuildPhase section */
		AA35CEF31AE6F40800BBC0CE /* CopyFiles */ = {
			isa = PBXCopyFilesBuildPhase;
			buildActionMask = 2147483647;
			dstPath = /usr/share/man/man1/;
			dstSubfolderSpec = 0;
			files = (
			);
			runOnlyForDeploymentPostprocessing = 1;
		};
/* End PBXCopyFilesBuildPhase section */

/* Begin PBXFileReference section */
		AA35CEF51AE6F40800BBC0CE /* Labor_2_Aufgabe1b */ = {isa = PBXFileReference; explicitFileType = "compiled.mach-o.executable"; includeInIndex = 0; path = Labor_2_Aufgabe1b; sourceTree = BUILT_PRODUCTS_DIR; };
		AA35CEF81AE6F40800BBC0CE /* main.cpp */ = {isa = PBXFileReference; lastKnownFileType = sourcecode.cpp.cpp; path = main.cpp; sourceTree = "<group>"; };
/* End PBXFileReference section */

/* Begin PBXFrameworksBuildPhase section */
		AA35CEF21AE6F40800BBC0CE /* Frameworks */ = {
			isa = PBXFrameworksBuildPhase;
			buildActionMask = 2147483647;
			files = (
			);
			runOnlyForDeploymentPostprocessing = 0;
		};
/* End PBXFrameworksBuildPhase section */

/* Begin PBXGroup section */
		AA35CEEC1AE6F40800BBC0CE = {
			isa = PBXGroup;
			children = (
				AA35CEF71AE6F40800BBC0CE /* Labor_2_Aufgabe1b */,
				AA35CEF61AE6F40800BBC0CE /* Products */,
			);
			sourceTree = "<group>";
		};
		AA35CEF61AE6F40800BBC0CE /* Products */ = {
			isa = PBXGroup;
			children = (
				AA35CEF51AE6F40800BBC0CE /* Labor_2_Aufgabe1b */,
			);
			name = Products;
			sourceTree = "<group>";
		};
		AA35CEF71AE6F40800BBC0CE /* Labor_2_Aufgabe1b */ = {
			isa = PBXGroup;
			children = (
				AA35CEF81AE6F40800BBC0CE /* main.cpp */,
			);
			path = Labor_2_Aufgabe1b;
			sourceTree = "<group>";
		};
/* End PBXGroup section */

/* Begin PBXNativeTarget section */
		AA35CEF41AE6F40800BBC0CE /* Labor_2_Aufgabe1b */ = {
			isa = PBXNativeTarget;
			buildConfigurationList = AA35CEFC1AE6F40800BBC0CE /* Build configuration list for PBXNativeTarget "Labor_2_Aufgabe1b" */;
			buildPhases = (
				AA35CEF11AE6F40800BBC0CE /* Sources */,
				AA35CEF21AE6F40800BBC0CE /* Frameworks */,
				AA35CEF31AE6F40800BBC0CE /* CopyFiles */,
			);
			buildRules = (
			);
			dependencies = (
			);
			name = Labor_2_Aufgabe1b;
			productName = Labor_2_Aufgabe1b;
			productReference = AA35CEF51AE6F40800BBC0CE /* Labor_2_Aufgabe1b */;
			productType = "com.apple.product-type.tool";
		};
/* End PBXNativeTarget section */

/* Begin PBXProject section */
		AA35CEED1AE6F40800BBC0CE /* Project object */ = {
			isa = PBXProject;
			attributes = {
				LastUpgradeCheck = 0630;
				ORGANIZATIONNAME = "Erik Falk";
				TargetAttributes = {
					AA35CEF41AE6F40800BBC0CE = {
						CreatedOnToolsVersion = 6.3.1;
					};
				};
			};
			buildConfigurationList = AA35CEF01AE6F40800BBC0CE /* Build configuration list for PBXProject "Labor_2_Aufgabe1b" */;
			compatibilityVersion = "Xcode 3.2";
			developmentRegion = English;
			hasScannedForEncodings = 0;
			knownRegions = (
				en,
			);
			mainGroup = AA35CEEC1AE6F40800BBC0CE;
			productRefGroup = AA35CEF61AE6F40800BBC0CE /* Products */;
			projectDirPath = "";
			projectRoot = "";
			targets = (
				AA35CEF41AE6F40800BBC0CE /* Labor_2_Aufgabe1b */,
			);
		};
/* End PBXProject section */

/* Begin PBXSourcesBuildPhase section */
		AA35CEF11AE6F40800BBC0CE /* Sources */ = {
			isa = PBXSourcesBuildPhase;
			buildActionMask = 2147483647;
			files = (
				AA35CEF91AE6F40800BBC0CE /* main.cpp in Sources */,
			);
			runOnlyForDeploymentPostprocessing = 0;
		};
/* End PBXSourcesBuildPhase section */

/* Begin XCBuildConfiguration section */
		AA35CEFA1AE6F40800BBC0CE /* Debug */ = {
			isa = XCBuildConfiguration;
			buildSettings = {
				ALWAYS_SEARCH_USER_PATHS = NO;
				CLANG_CXX_LANGUAGE_STANDARD = "gnu++0x";
				CLANG_CXX_LIBRARY = "libc++";
				CLANG_ENABLE_MODULES = YES;
				CLANG_ENABLE_OBJC_ARC = YES;
				CLANG_WARN_BOOL_CONVERSION = YES;
				CLANG_WARN_CONSTANT_CONVERSION = YES;
				CLANG_WARN_DIRECT_OBJC_ISA_USAGE = YES_ERROR;
				CLANG_WARN_EMPTY_BODY = YES;
				CLANG_WARN_ENUM_CONVERSION = YES;
				CLANG_WARN_INT_CONVERSION = YES;
				CLANG_WARN_OBJC_ROOT_CLASS = YES_ERROR;
				CLANG_WARN_UNREACHABLE_CODE = YES;
				CLANG_WARN__DUPLICATE_METHOD_MATCH = YES;
				COPY_PHASE_STRIP = NO;
				DEBUG_INFORMATION_FORMAT = dwarf;
				ENABLE_STRICT_OBJC_MSGSEND = YES;
				GCC_C_LANGUAGE_STANDARD = gnu99;
				GCC_DYNAMIC_NO_PIC = NO;
				GCC_NO_COMMON_BLOCKS = YES;
				GCC_OPTIMIZATION_LEVEL = 0;
				GCC_PREPROCESSOR_DEFINITIONS = (
					"DEBUG=1",
					"$(inherited)",
				);
				GCC_SYMBOLS_PRIVATE_EXTERN = NO;
				GCC_WARN_64_TO_32_BIT_CONVERSION = YES;
				GCC_WARN_ABOUT_RETURN_TYPE = YES_ERROR;
				GCC_WARN_UNDECLARED_SELECTOR = YES;
				GCC_WARN_UNINITIALIZED_AUTOS = YES_AGGRESSIVE;
				GCC_WARN_UNUSED_FUNCTION = YES;
				GCC_WARN_UNUSED_VARIABLE = YES;
				MACOSX_DEPLOYMENT_TARGET = 10.10;
				MTL_ENABLE_DEBUG_INFO = YES;
				ONLY_ACTIVE_ARCH = YES;
				SDKROOT = macosx;
			};
			name = Debug;
		};
		AA35CEFB1AE6F40800BBC0CE /* Release */ = {
			isa = XCBuildConfiguration;
			buildSettings = {
				ALWAYS_SEARCH_USER_PATHS = NO;
				CLANG_CXX_LANGUAGE_STANDARD = "gnu++0x";
				CLANG_CXX_LIBRARY = "libc++";
				CLANG_ENABLE_MODULES = YES;
				CLANG_ENABLE_OBJC_ARC = YES;
				CLANG_WARN_BOOL_CONVERSION = YES;
				CLANG_WARN_CONSTANT_CONVERSION = YES;
				CLANG_WARN_DIRECT_OBJC_ISA_USAGE = YES_ERROR;
				CLANG_WARN_EMPTY_BODY = YES;
				CLANG_WARN_ENUM_CONVERSION = YES;
				CLANG_WARN_INT_CONVERSION = YES;
				CLANG_WARN_OBJC_ROOT_CLASS = YES_ERROR;
				CLANG_WARN_UNREACHABLE_CODE = YES;
				CLANG_WARN__DUPLICATE_METHOD_MATCH = YES;
				COPY_PHASE_STRIP = NO;
				DEBUG_INFORMATION_FORMAT = "dwarf-with-dsym";
				ENABLE_NS_ASSERTIONS = NO;
				ENABLE_STRICT_OBJC_MSGSEND = YES;
				GCC_C_LANGUAGE_STANDARD = gnu99;
				GCC_NO_COMMON_BLOCKS = YES;
				GCC_WARN_64_TO_32_BIT_CONVERSION = YES;
				GCC_WARN_ABOUT_RETURN_TYPE = YES_ERROR;
				GCC_WARN_UNDECLARED_SELECTOR = YES;
				GCC_WARN_UNINITIALIZED_AUTOS = YES_AGGRESSIVE;
				GCC_WARN_UNUSED_FUNCTION = YES;
				GCC_WARN_UNUSED_VARIABLE = YES;
				MACOSX_DEPLOYMENT_TARGET = 10.10;
				MTL_ENABLE_DEBUG_INFO = NO;
				SDKROOT = macosx;
			};
			name = Release;
		};
		AA35CEFD1AE6F40800BBC0CE /* Debug */ = {
			isa = XCBuildConfiguration;
			buildSettings = {
				PRODUCT_NAME = "$(TARGET_NAME)";
			};
			name = Debug;
		};
		AA35CEFE1AE6F40800BBC0CE /* Release */ = {
			isa = XCBuildConfiguration;
			buildSettings = {
				PRODUCT_NAME = "$(TARGET_NAME)";
			};
			name = Release;
		};
/* End XCBuildConfiguration section */

/* Begin XCConfigurationList section */
		AA35CEF01AE6F40800BBC0CE /* Build configuration list for PBXProject "Labor_2_Aufgabe1b" */ = {
			isa = XCConfigurationList;
			buildConfigurations = (
				AA35CEFA1AE6F40800BBC0CE /* Debug */,
				AA35CEFB1AE6F40800BBC0CE /* Release */,
			);
			defaultConfigurationIsVisible = 0;
			defaultConfigurationName = Release;
		};
		AA35CEFC1AE6F40800BBC0CE /* Build configuration list for PBXNativeTarget "Labor_2_Aufgabe1b" */ = {
			isa = XCConfigurationList;
			buildConfigurations = (
				AA35CEFD1AE6F40800BBC0CE /* Debug */,
				AA35CEFE1AE6F40800BBC0CE /* Release */,
			);
			defaultConfigurationIsVisible = 0;
		};
/* End XCConfigurationList section */
	};
	rootObject = AA35CEED1AE6F40800BBC0CE /* Project object */;
}
