// !$*UTF8*$!
{
	archiveVersion = 1;
	classes = {
	};
	objectVersion = 46;
	objects = {

/* Begin PBXBuildFile section */
		AA874C9F1B09F5B6008DD674 /* main.cpp in Sources */ = {isa = PBXBuildFile; fileRef = AA874C9E1B09F5B6008DD674 /* main.cpp */; };
/* End PBXBuildFile section */

/* Begin PBXCopyFilesBuildPhase section */
		AA874C991B09F5B6008DD674 /* CopyFiles */ = {
			isa = PBXCopyFilesBuildPhase;
			buildActionMask = 2147483647;
			dstPath = /usr/share/man/man1/;
			dstSubfolderSpec = 0;
			files = (
			);
			runOnlyForDeploymentPostprocessing = 1;
		};
/* End PBXCopyFilesBuildPhase section */

/* Begin PBXFileReference section */
		AA874C9B1B09F5B6008DD674 /* Labor2_Aufgabe3b */ = {isa = PBXFileReference; explicitFileType = "compiled.mach-o.executable"; includeInIndex = 0; path = Labor2_Aufgabe3b; sourceTree = BUILT_PRODUCTS_DIR; };
		AA874C9E1B09F5B6008DD674 /* main.cpp */ = {isa = PBXFileReference; lastKnownFileType = sourcecode.cpp.cpp; path = main.cpp; sourceTree = "<group>"; };
/* End PBXFileReference section */

/* Begin PBXFrameworksBuildPhase section */
		AA874C981B09F5B6008DD674 /* Frameworks */ = {
			isa = PBXFrameworksBuildPhase;
			buildActionMask = 2147483647;
			files = (
			);
			runOnlyForDeploymentPostprocessing = 0;
		};
/* End PBXFrameworksBuildPhase section */

/* Begin PBXGroup section */
		AA874C921B09F5B6008DD674 = {
			isa = PBXGroup;
			children = (
				AA874C9D1B09F5B6008DD674 /* Labor2_Aufgabe3b */,
				AA874C9C1B09F5B6008DD674 /* Products */,
			);
			sourceTree = "<group>";
		};
		AA874C9C1B09F5B6008DD674 /* Products */ = {
			isa = PBXGroup;
			children = (
				AA874C9B1B09F5B6008DD674 /* Labor2_Aufgabe3b */,
			);
			name = Products;
			sourceTree = "<group>";
		};
		AA874C9D1B09F5B6008DD674 /* Labor2_Aufgabe3b */ = {
			isa = PBXGroup;
			children = (
				AA874C9E1B09F5B6008DD674 /* main.cpp */,
			);
			path = Labor2_Aufgabe3b;
			sourceTree = "<group>";
		};
/* End PBXGroup section */

/* Begin PBXNativeTarget section */
		AA874C9A1B09F5B6008DD674 /* Labor2_Aufgabe3b */ = {
			isa = PBXNativeTarget;
			buildConfigurationList = AA874CA21B09F5B6008DD674 /* Build configuration list for PBXNativeTarget "Labor2_Aufgabe3b" */;
			buildPhases = (
				AA874C971B09F5B6008DD674 /* Sources */,
				AA874C981B09F5B6008DD674 /* Frameworks */,
				AA874C991B09F5B6008DD674 /* CopyFiles */,
			);
			buildRules = (
			);
			dependencies = (
			);
			name = Labor2_Aufgabe3b;
			productName = Labor2_Aufgabe3b;
			productReference = AA874C9B1B09F5B6008DD674 /* Labor2_Aufgabe3b */;
			productType = "com.apple.product-type.tool";
		};
/* End PBXNativeTarget section */

/* Begin PBXProject section */
		AA874C931B09F5B6008DD674 /* Project object */ = {
			isa = PBXProject;
			attributes = {
				LastUpgradeCheck = 0630;
				ORGANIZATIONNAME = "Erik Falk";
				TargetAttributes = {
					AA874C9A1B09F5B6008DD674 = {
						CreatedOnToolsVersion = 6.3.1;
					};
				};
			};
			buildConfigurationList = AA874C961B09F5B6008DD674 /* Build configuration list for PBXProject "Labor2_Aufgabe3b" */;
			compatibilityVersion = "Xcode 3.2";
			developmentRegion = English;
			hasScannedForEncodings = 0;
			knownRegions = (
				en,
			);
			mainGroup = AA874C921B09F5B6008DD674;
			productRefGroup = AA874C9C1B09F5B6008DD674 /* Products */;
			projectDirPath = "";
			projectRoot = "";
			targets = (
				AA874C9A1B09F5B6008DD674 /* Labor2_Aufgabe3b */,
			);
		};
/* End PBXProject section */

/* Begin PBXSourcesBuildPhase section */
		AA874C971B09F5B6008DD674 /* Sources */ = {
			isa = PBXSourcesBuildPhase;
			buildActionMask = 2147483647;
			files = (
				AA874C9F1B09F5B6008DD674 /* main.cpp in Sources */,
			);
			runOnlyForDeploymentPostprocessing = 0;
		};
/* End PBXSourcesBuildPhase section */

/* Begin XCBuildConfiguration section */
		AA874CA01B09F5B6008DD674 /* Debug */ = {
			isa = XCBuildConfiguration;
			buildSettings = {
				ALWAYS_SEARCH_USER_PATHS = NO;
				CLANG_CXX_LANGUAGE_STANDARD = "gnu++0x";
				CLANG_CXX_LIBRARY = "libc++";
				CLANG_ENABLE_MODULES = YES;
				CLANG_ENABLE_OBJC_ARC = YES;
				CLANG_WARN_BOOL_CONVERSION = YES;
				CLANG_WARN_CONSTANT_CONVERSION = YES;
				CLANG_WARN_DIRECT_OBJC_ISA_USAGE = YES_ERROR;
				CLANG_WARN_EMPTY_BODY = YES;
				CLANG_WARN_ENUM_CONVERSION = YES;
				CLANG_WARN_INT_CONVERSION = YES;
				CLANG_WARN_OBJC_ROOT_CLASS = YES_ERROR;
				CLANG_WARN_UNREACHABLE_CODE = YES;
				CLANG_WARN__DUPLICATE_METHOD_MATCH = YES;
				COPY_PHASE_STRIP = NO;
				DEBUG_INFORMATION_FORMAT = dwarf;
				ENABLE_STRICT_OBJC_MSGSEND = YES;
				GCC_C_LANGUAGE_STANDARD = gnu99;
				GCC_DYNAMIC_NO_PIC = NO;
				GCC_NO_COMMON_BLOCKS = YES;
				GCC_OPTIMIZATION_LEVEL = 0;
				GCC_PREPROCESSOR_DEFINITIONS = (
					"DEBUG=1",
					"$(inherited)",
				);
				GCC_SYMBOLS_PRIVATE_EXTERN = NO;
				GCC_WARN_64_TO_32_BIT_CONVERSION = YES;
				GCC_WARN_ABOUT_RETURN_TYPE = YES_ERROR;
				GCC_WARN_UNDECLARED_SELECTOR = YES;
				GCC_WARN_UNINITIALIZED_AUTOS = YES_AGGRESSIVE;
				GCC_WARN_UNUSED_FUNCTION = YES;
				GCC_WARN_UNUSED_VARIABLE = YES;
				MACOSX_DEPLOYMENT_TARGET = 10.10;
				MTL_ENABLE_DEBUG_INFO = YES;
				ONLY_ACTIVE_ARCH = YES;
				SDKROOT = macosx;
			};
			name = Debug;
		};
		AA874CA11B09F5B6008DD674 /* Release */ = {
			isa = XCBuildConfiguration;
			buildSettings = {
				ALWAYS_SEARCH_USER_PATHS = NO;
				CLANG_CXX_LANGUAGE_STANDARD = "gnu++0x";
				CLANG_CXX_LIBRARY = "libc++";
				CLANG_ENABLE_MODULES = YES;
				CLANG_ENABLE_OBJC_ARC = YES;
				CLANG_WARN_BOOL_CONVERSION = YES;
				CLANG_WARN_CONSTANT_CONVERSION = YES;
				CLANG_WARN_DIRECT_OBJC_ISA_USAGE = YES_ERROR;
				CLANG_WARN_EMPTY_BODY = YES;
				CLANG_WARN_ENUM_CONVERSION = YES;
				CLANG_WARN_INT_CONVERSION = YES;
				CLANG_WARN_OBJC_ROOT_CLASS = YES_ERROR;
				CLANG_WARN_UNREACHABLE_CODE = YES;
				CLANG_WARN__DUPLICATE_METHOD_MATCH = YES;
				COPY_PHASE_STRIP = NO;
				DEBUG_INFORMATION_FORMAT = "dwarf-with-dsym";
				ENABLE_NS_ASSERTIONS = NO;
				ENABLE_STRICT_OBJC_MSGSEND = YES;
				GCC_C_LANGUAGE_STANDARD = gnu99;
				GCC_NO_COMMON_BLOCKS = YES;
				GCC_WARN_64_TO_32_BIT_CONVERSION = YES;
				GCC_WARN_ABOUT_RETURN_TYPE = YES_ERROR;
				GCC_WARN_UNDECLARED_SELECTOR = YES;
				GCC_WARN_UNINITIALIZED_AUTOS = YES_AGGRESSIVE;
				GCC_WARN_UNUSED_FUNCTION = YES;
				GCC_WARN_UNUSED_VARIABLE = YES;
				MACOSX_DEPLOYMENT_TARGET = 10.10;
				MTL_ENABLE_DEBUG_INFO = NO;
				SDKROOT = macosx;
			};
			name = Release;
		};
		AA874CA31B09F5B6008DD674 /* Debug */ = {
			isa = XCBuildConfiguration;
			buildSettings = {
				PRODUCT_NAME = "$(TARGET_NAME)";
			};
			name = Debug;
		};
		AA874CA41B09F5B6008DD674 /* Release */ = {
			isa = XCBuildConfiguration;
			buildSettings = {
				PRODUCT_NAME = "$(TARGET_NAME)";
			};
			name = Release;
		};
/* End XCBuildConfiguration section */

/* Begin XCConfigurationList section */
		AA874C961B09F5B6008DD674 /* Build configuration list for PBXProject "Labor2_Aufgabe3b" */ = {
			isa = XCConfigurationList;
			buildConfigurations = (
				AA874CA01B09F5B6008DD674 /* Debug */,
				AA874CA11B09F5B6008DD674 /* Release */,
			);
			defaultConfigurationIsVisible = 0;
			defaultConfigurationName = Release;
		};
		AA874CA21B09F5B6008DD674 /* Build configuration list for PBXNativeTarget "Labor2_Aufgabe3b" */ = {
			isa = XCConfigurationList;
			buildConfigurations = (
				AA874CA31B09F5B6008DD674 /* Debug */,
				AA874CA41B09F5B6008DD674 /* Release */,
			);
			defaultConfigurationIsVisible = 0;
		};
/* End XCConfigurationList section */
	};
	rootObject = AA874C931B09F5B6008DD674 /* Project object */;
}
